// !$*UTF8*$!
{
	archiveVersion = 1;
	classes = {
	};
	objectVersion = 50;
	objects = {

/* Begin PBXBuildFile section */
		F685E40B226C1A8D00F7D83A /* main.m in Sources */ = {isa = PBXBuildFile; fileRef = F685E40A226C1A8D00F7D83A /* main.m */; };
		F685E422226C1D0300F7D83A /* STReplaceTool.m in Sources */ = {isa = PBXBuildFile; fileRef = F685E41D226C1D0300F7D83A /* STReplaceTool.m */; };
		F685E423226C1D0300F7D83A /* STAddObjcTool.m in Sources */ = {isa = PBXBuildFile; fileRef = F685E41F226C1D0300F7D83A /* STAddObjcTool.m */; };
		F685E424226C1D0300F7D83A /* STAssistanceManager.m in Sources */ = {isa = PBXBuildFile; fileRef = F685E421226C1D0300F7D83A /* STAssistanceManager.m */; };
/* End PBXBuildFile section */

/* Begin PBXCopyFilesBuildPhase section */
		F685E405226C1A8D00F7D83A /* CopyFiles */ = {
			isa = PBXCopyFilesBuildPhase;
			buildActionMask = 2147483647;
			dstPath = /usr/share/man/man1/;
			dstSubfolderSpec = 0;
			files = (
			);
			runOnlyForDeploymentPostprocessing = 1;
		};
/* End PBXCopyFilesBuildPhase section */

/* Begin PBXFileReference section */
		F685E407226C1A8D00F7D83A /* UploadSwift3-2To4-2 */ = {isa = PBXFileReference; explicitFileType = "compiled.mach-o.executable"; includeInIndex = 0; path = "UploadSwift3-2To4-2"; sourceTree = BUILT_PRODUCTS_DIR; };
		F685E40A226C1A8D00F7D83A /* main.m */ = {isa = PBXFileReference; lastKnownFileType = sourcecode.c.objc; path = main.m; sourceTree = "<group>"; };
		F685E41C226C1D0300F7D83A /* STAddObjcTool.h */ = {isa = PBXFileReference; fileEncoding = 4; lastKnownFileType = sourcecode.c.h; path = STAddObjcTool.h; sourceTree = "<group>"; };
		F685E41D226C1D0300F7D83A /* STReplaceTool.m */ = {isa = PBXFileReference; fileEncoding = 4; lastKnownFileType = sourcecode.c.objc; path = STReplaceTool.m; sourceTree = "<group>"; };
		F685E41E226C1D0300F7D83A /* STAssistanceManager.h */ = {isa = PBXFileReference; fileEncoding = 4; lastKnownFileType = sourcecode.c.h; path = STAssistanceManager.h; sourceTree = "<group>"; };
		F685E41F226C1D0300F7D83A /* STAddObjcTool.m */ = {isa = PBXFileReference; fileEncoding = 4; lastKnownFileType = sourcecode.c.objc; path = STAddObjcTool.m; sourceTree = "<group>"; };
		F685E420226C1D0300F7D83A /* STReplaceTool.h */ = {isa = PBXFileReference; fileEncoding = 4; lastKnownFileType = sourcecode.c.h; path = STReplaceTool.h; sourceTree = "<group>"; };
		F685E421226C1D0300F7D83A /* STAssistanceManager.m */ = {isa = PBXFileReference; fileEncoding = 4; lastKnownFileType = sourcecode.c.objc; path = STAssistanceManager.m; sourceTree = "<group>"; };
/* End PBXFileReference section */

/* Begin PBXFrameworksBuildPhase section */
		F685E404226C1A8D00F7D83A /* Frameworks */ = {
			isa = PBXFrameworksBuildPhase;
			buildActionMask = 2147483647;
			files = (
			);
			runOnlyForDeploymentPostprocessing = 0;
		};
/* End PBXFrameworksBuildPhase section */

/* Begin PBXGroup section */
		F685E3FE226C1A8D00F7D83A = {
			isa = PBXGroup;
			children = (
				F685E409226C1A8D00F7D83A /* UploadSwift3-2To4-2 */,
				F685E408226C1A8D00F7D83A /* Products */,
			);
			sourceTree = "<group>";
		};
		F685E408226C1A8D00F7D83A /* Products */ = {
			isa = PBXGroup;
			children = (
				F685E407226C1A8D00F7D83A /* UploadSwift3-2To4-2 */,
			);
			name = Products;
			sourceTree = "<group>";
		};
		F685E409226C1A8D00F7D83A /* UploadSwift3-2To4-2 */ = {
			isa = PBXGroup;
			children = (
				F685E40A226C1A8D00F7D83A /* main.m */,
				F685E41B226C1D0300F7D83A /* Tool */,
			);
			path = "UploadSwift3-2To4-2";
			sourceTree = "<group>";
		};
		F685E41B226C1D0300F7D83A /* Tool */ = {
			isa = PBXGroup;
			children = (
				F685E41E226C1D0300F7D83A /* STAssistanceManager.h */,
				F685E421226C1D0300F7D83A /* STAssistanceManager.m */,
				F685E41C226C1D0300F7D83A /* STAddObjcTool.h */,
				F685E41F226C1D0300F7D83A /* STAddObjcTool.m */,
				F685E41D226C1D0300F7D83A /* STReplaceTool.m */,
				F685E420226C1D0300F7D83A /* STReplaceTool.h */,
			);
			path = Tool;
			sourceTree = "<group>";
		};
/* End PBXGroup section */

/* Begin PBXNativeTarget section */
		F685E406226C1A8D00F7D83A /* UploadSwift3-2To4-2 */ = {
			isa = PBXNativeTarget;
			buildConfigurationList = F685E40E226C1A8D00F7D83A /* Build configuration list for PBXNativeTarget "UploadSwift3-2To4-2" */;
			buildPhases = (
				F685E403226C1A8D00F7D83A /* Sources */,
				F685E404226C1A8D00F7D83A /* Frameworks */,
				F685E405226C1A8D00F7D83A /* CopyFiles */,
			);
			buildRules = (
			);
			dependencies = (
			);
			name = "UploadSwift3-2To4-2";
			productName = "UploadSwift3-2To4-2";
			productReference = F685E407226C1A8D00F7D83A /* UploadSwift3-2To4-2 */;
			productType = "com.apple.product-type.tool";
		};
/* End PBXNativeTarget section */

/* Begin PBXProject section */
		F685E3FF226C1A8D00F7D83A /* Project object */ = {
			isa = PBXProject;
			attributes = {
				LastUpgradeCheck = 1010;
				ORGANIZATIONNAME = SmellTime;
				TargetAttributes = {
					F685E406226C1A8D00F7D83A = {
						CreatedOnToolsVersion = 10.1;
					};
				};
			};
			buildConfigurationList = F685E402226C1A8D00F7D83A /* Build configuration list for PBXProject "UploadSwift3-2To4-2" */;
			compatibilityVersion = "Xcode 9.3";
			developmentRegion = en;
			hasScannedForEncodings = 0;
			knownRegions = (
				en,
			);
			mainGroup = F685E3FE226C1A8D00F7D83A;
			productRefGroup = F685E408226C1A8D00F7D83A /* Products */;
			projectDirPath = "";
			projectRoot = "";
			targets = (
				F685E406226C1A8D00F7D83A /* UploadSwift3-2To4-2 */,
			);
		};
/* End PBXProject section */

/* Begin PBXSourcesBuildPhase section */
		F685E403226C1A8D00F7D83A /* Sources */ = {
			isa = PBXSourcesBuildPhase;
			buildActionMask = 2147483647;
			files = (
				F685E423226C1D0300F7D83A /* STAddObjcTool.m in Sources */,
				F685E40B226C1A8D00F7D83A /* main.m in Sources */,
				F685E422226C1D0300F7D83A /* STReplaceTool.m in Sources */,
				F685E424226C1D0300F7D83A /* STAssistanceManager.m in Sources */,
			);
			runOnlyForDeploymentPostprocessing = 0;
		};
/* End PBXSourcesBuildPhase section */

/* Begin XCBuildConfiguration section */
		F685E40C226C1A8D00F7D83A /* Debug */ = {
			isa = XCBuildConfiguration;
			buildSettings = {
				ALWAYS_SEARCH_USER_PATHS = NO;
				CLANG_ANALYZER_NONNULL = YES;
				CLANG_ANALYZER_NUMBER_OBJECT_CONVERSION = YES_AGGRESSIVE;
				CLANG_CXX_LANGUAGE_STANDARD = "gnu++14";
				CLANG_CXX_LIBRARY = "libc++";
				CLANG_ENABLE_MODULES = YES;
				CLANG_ENABLE_OBJC_ARC = YES;
				CLANG_ENABLE_OBJC_WEAK = YES;
				CLANG_WARN_BLOCK_CAPTURE_AUTORELEASING = YES;
				CLANG_WARN_BOOL_CONVERSION = YES;
				CLANG_WARN_COMMA = YES;
				CLANG_WARN_CONSTANT_CONVERSION = YES;
				CLANG_WARN_DEPRECATED_OBJC_IMPLEMENTATIONS = YES;
				CLANG_WARN_DIRECT_OBJC_ISA_USAGE = YES_ERROR;
				CLANG_WARN_DOCUMENTATION_COMMENTS = YES;
				CLANG_WARN_EMPTY_BODY = YES;
				CLANG_WARN_ENUM_CONVERSION = YES;
				CLANG_WARN_INFINITE_RECURSION = YES;
				CLANG_WARN_INT_CONVERSION = YES;
				CLANG_WARN_NON_LITERAL_NULL_CONVERSION = YES;
				CLANG_WARN_OBJC_IMPLICIT_RETAIN_SELF = YES;
				CLANG_WARN_OBJC_LITERAL_CONVERSION = YES;
				CLANG_WARN_OBJC_ROOT_CLASS = YES_ERROR;
				CLANG_WARN_RANGE_LOOP_ANALYSIS = YES;
				CLANG_WARN_STRICT_PROTOTYPES = YES;
				CLANG_WARN_SUSPICIOUS_MOVE = YES;
				CLANG_WARN_UNGUARDED_AVAILABILITY = YES_AGGRESSIVE;
				CLANG_WARN_UNREACHABLE_CODE = YES;
				CLANG_WARN__DUPLICATE_METHOD_MATCH = YES;
				CODE_SIGN_IDENTITY = "-";
				COPY_PHASE_STRIP = NO;
				DEBUG_INFORMATION_FORMAT = dwarf;
				ENABLE_STRICT_OBJC_MSGSEND = YES;
				ENABLE_TESTABILITY = YES;
				GCC_C_LANGUAGE_STANDARD = gnu11;
				GCC_DYNAMIC_NO_PIC = NO;
				GCC_NO_COMMON_BLOCKS = YES;
				GCC_OPTIMIZATION_LEVEL = 0;
				GCC_PREPROCESSOR_DEFINITIONS = (
					"DEBUG=1",
					"$(inherited)",
				);
				GCC_WARN_64_TO_32_BIT_CONVERSION = YES;
				GCC_WARN_ABOUT_RETURN_TYPE = YES_ERROR;
				GCC_WARN_UNDECLARED_SELECTOR = YES;
				GCC_WARN_UNINITIALIZED_AUTOS = YES_AGGRESSIVE;
				GCC_WARN_UNUSED_FUNCTION = YES;
				GCC_WARN_UNUSED_VARIABLE = YES;
				MACOSX_DEPLOYMENT_TARGET = 10.14;
				MTL_ENABLE_DEBUG_INFO = INCLUDE_SOURCE;
				MTL_FAST_MATH = YES;
				ONLY_ACTIVE_ARCH = YES;
				SDKROOT = macosx;
			};
			name = Debug;
		};
		F685E40D226C1A8D00F7D83A /* Release */ = {
			isa = XCBuildConfiguration;
			buildSettings = {
				ALWAYS_SEARCH_USER_PATHS = NO;
				CLANG_ANALYZER_NONNULL = YES;
				CLANG_ANALYZER_NUMBER_OBJECT_CONVERSION = YES_AGGRESSIVE;
				CLANG_CXX_LANGUAGE_STANDARD = "gnu++14";
				CLANG_CXX_LIBRARY = "libc++";
				CLANG_ENABLE_MODULES = YES;
				CLANG_ENABLE_OBJC_ARC = YES;
				CLANG_ENABLE_OBJC_WEAK = YES;
				CLANG_WARN_BLOCK_CAPTURE_AUTORELEASING = YES;
				CLANG_WARN_BOOL_CONVERSION = YES;
				CLANG_WARN_COMMA = YES;
				CLANG_WARN_CONSTANT_CONVERSION = YES;
				CLANG_WARN_DEPRECATED_OBJC_IMPLEMENTATIONS = YES;
				CLANG_WARN_DIRECT_OBJC_ISA_USAGE = YES_ERROR;
				CLANG_WARN_DOCUMENTATION_COMMENTS = YES;
				CLANG_WARN_EMPTY_BODY = YES;
				CLANG_WARN_ENUM_CONVERSION = YES;
				CLANG_WARN_INFINITE_RECURSION = YES;
				CLANG_WARN_INT_CONVERSION = YES;
				CLANG_WARN_NON_LITERAL_NULL_CONVERSION = YES;
				CLANG_WARN_OBJC_IMPLICIT_RETAIN_SELF = YES;
				CLANG_WARN_OBJC_LITERAL_CONVERSION = YES;
				CLANG_WARN_OBJC_ROOT_CLASS = YES_ERROR;
				CLANG_WARN_RANGE_LOOP_ANALYSIS = YES;
				CLANG_WARN_STRICT_PROTOTYPES = YES;
				CLANG_WARN_SUSPICIOUS_MOVE = YES;
				CLANG_WARN_UNGUARDED_AVAILABILITY = YES_AGGRESSIVE;
				CLANG_WARN_UNREACHABLE_CODE = YES;
				CLANG_WARN__DUPLICATE_METHOD_MATCH = YES;
				CODE_SIGN_IDENTITY = "-";
				COPY_PHASE_STRIP = NO;
				DEBUG_INFORMATION_FORMAT = "dwarf-with-dsym";
				ENABLE_NS_ASSERTIONS = NO;
				ENABLE_STRICT_OBJC_MSGSEND = YES;
				GCC_C_LANGUAGE_STANDARD = gnu11;
				GCC_NO_COMMON_BLOCKS = YES;
				GCC_WARN_64_TO_32_BIT_CONVERSION = YES;
				GCC_WARN_ABOUT_RETURN_TYPE = YES_ERROR;
				GCC_WARN_UNDECLARED_SELECTOR = YES;
				GCC_WARN_UNINITIALIZED_AUTOS = YES_AGGRESSIVE;
				GCC_WARN_UNUSED_FUNCTION = YES;
				GCC_WARN_UNUSED_VARIABLE = YES;
				MACOSX_DEPLOYMENT_TARGET = 10.14;
				MTL_ENABLE_DEBUG_INFO = NO;
				MTL_FAST_MATH = YES;
				SDKROOT = macosx;
			};
			name = Release;
		};
		F685E40F226C1A8D00F7D83A /* Debug */ = {
			isa = XCBuildConfiguration;
			buildSettings = {
				CODE_SIGN_STYLE = Automatic;
				PRODUCT_NAME = "$(TARGET_NAME)";
			};
			name = Debug;
		};
		F685E410226C1A8D00F7D83A /* Release */ = {
			isa = XCBuildConfiguration;
			buildSettings = {
				CODE_SIGN_STYLE = Automatic;
				PRODUCT_NAME = "$(TARGET_NAME)";
			};
			name = Release;
		};
/* End XCBuildConfiguration section */

/* Begin XCConfigurationList section */
		F685E402226C1A8D00F7D83A /* Build configuration list for PBXProject "UploadSwift3-2To4-2" */ = {
			isa = XCConfigurationList;
			buildConfigurations = (
				F685E40C226C1A8D00F7D83A /* Debug */,
				F685E40D226C1A8D00F7D83A /* Release */,
			);
			defaultConfigurationIsVisible = 0;
			defaultConfigurationName = Release;
		};
		F685E40E226C1A8D00F7D83A /* Build configuration list for PBXNativeTarget "UploadSwift3-2To4-2" */ = {
			isa = XCConfigurationList;
			buildConfigurations = (
				F685E40F226C1A8D00F7D83A /* Debug */,
				F685E410226C1A8D00F7D83A /* Release */,
			);
			defaultConfigurationIsVisible = 0;
			defaultConfigurationName = Release;
		};
/* End XCConfigurationList section */
	};
	rootObject = F685E3FF226C1A8D00F7D83A /* Project object */;
}
